
Microsoft Visual Studio Solution File, Format Version 12.00
# Visual Studio Version 16
VisualStudioVersion = 16.0.30503.244
MinimumVisualStudioVersion = 10.0.40219.1
Project("{FAE04EC0-301F-11D3-BF4B-00C04F79EFBC}") = "Assignment2_KatrinaMehta", "Assignment2_KatrinaMehta\Assignment2_KatrinaMehta.csproj", "{CF9DAD0B-A0D0-4344-903B-C522BB893C84}"
EndProject
Global
	GlobalSection(SolutionConfigurationPlatforms) = preSolution
		Debug|Any CPU = Debug|Any CPU
		Release|Any CPU = Release|Any CPU
	EndGlobalSection
	GlobalSection(ProjectConfigurationPlatforms) = postSolution
		{CF9DAD0B-A0D0-4344-903B-C522BB893C84}.Debug|Any CPU.ActiveCfg = Debug|Any CPU
		{CF9DAD0B-A0D0-4344-903B-C522BB893C84}.Debug|Any CPU.Build.0 = Debug|Any CPU
		{CF9DAD0B-A0D0-4344-903B-C522BB893C84}.Release|Any CPU.ActiveCfg = Release|Any CPU
		{CF9DAD0B-A0D0-4344-903B-C522BB893C84}.Release|Any CPU.Build.0 = Release|Any CPU
	EndGlobalSection
	GlobalSection(SolutionProperties) = preSolution
		HideSolutionNode = FALSE
	EndGlobalSection
	GlobalSection(ExtensibilityGlobals) = postSolution
		SolutionGuid = {9174D518-EDA3-4B72-A28F-4E7B9C063C2A}
	EndGlobalSection
EndGlobal
